
Microsoft Visual Studio Solution File, Format Version 12.00
# Visual Studio Version 17
VisualStudioVersion = 17.1.32228.430
MinimumVisualStudioVersion = 10.0.40219.1
Project("{9A19103F-16F7-4668-BE54-9A1E7A4F7556}") = "Heibroch.Launch", "Heibroch.Launch\Heibroch.Launch.csproj", "{5103A43B-3863-446A-85A1-DC172A37A7C3}"
EndProject
Project("{9A19103F-16F7-4668-BE54-9A1E7A4F7556}") = "Heibroch.Launch.Plugin", "Heibroch.Launch.Plugin\Heibroch.Launch.Plugin.csproj", "{9A0D0AE5-826C-4545-93EA-DA6FA146F3BD}"
EndProject
Project("{2150E333-8FDC-42A3-9474-1A3956D46DE8}") = "Plugins", "Plugins", "{98403100-0C73-4A32-B0B1-477D2916B171}"
EndProject
Project("{9A19103F-16F7-4668-BE54-9A1E7A4F7556}") = "Heibroch.Launch.Plugins.Copy", "Heibroch.Launch.Plugins.Copy\Heibroch.Launch.Plugins.Copy.csproj", "{ED0C0236-7FF3-4AF8-9C14-9D1E287CDE25}"
EndProject
Project("{9A19103F-16F7-4668-BE54-9A1E7A4F7556}") = "Heibroch.Launch.Plugins.Reloader", "Heibroch.Launch.Plugins.Reloader\Heibroch.Launch.Plugins.Reloader.csproj", "{29AB26B7-CB39-4BC2-BE02-853FE58765B6}"
EndProject
Project("{9A19103F-16F7-4668-BE54-9A1E7A4F7556}") = "Heibroch.Launch.Plugins.RemoteDesktop", "Heibroch.Launch.Plugins.RemoteDesktop\Heibroch.Launch.Plugins.RemoteDesktop.csproj", "{A82B4F05-F8C5-4784-92CF-76C5FD79D6BE}"
EndProject
Project("{9A19103F-16F7-4668-BE54-9A1E7A4F7556}") = "Heibroch.Launch.Interfaces", "Heibroch.Launch.Interfaces\Heibroch.Launch.Interfaces.csproj", "{4B65E470-88B5-423C-8C4A-D239523ACAD7}"
EndProject
Project("{9A19103F-16F7-4668-BE54-9A1E7A4F7556}") = "Heibroch.Launch.Tests", "Heibroch.Launch.Tests\Heibroch.Launch.Tests.csproj", "{44D1CA05-0E24-44E1-B036-61D74C43D363}"
EndProject
Project("{54435603-DBB4-11D2-8724-00A0C9A8B90C}") = "Heibroch.Launch.Installer", "Heibroch.Launch.Installer\Heibroch.Launch.Installer.vdproj", "{72449730-2A3D-4BA2-B152-538DA778CBBF}"
EndProject
Project("{9A19103F-16F7-4668-BE54-9A1E7A4F7556}") = "Heibroch.Launch.Events", "Heibroch.Launch.Events\Heibroch.Launch.Events.csproj", "{E8347425-9B1A-448C-BFFD-ADF38A331957}"
EndProject
Project("{9A19103F-16F7-4668-BE54-9A1E7A4F7556}") = "Heibroch.Launch.Model", "Heibroch.Launch.Model\Heibroch.Launch.Model.csproj", "{CC099865-3172-4DA2-92DE-C2CB4FFF0FC9}"
EndProject
Global
	GlobalSection(SolutionConfigurationPlatforms) = preSolution
		Debug|Any CPU = Debug|Any CPU
		Release|Any CPU = Release|Any CPU
	EndGlobalSection
	GlobalSection(ProjectConfigurationPlatforms) = postSolution
		{5103A43B-3863-446A-85A1-DC172A37A7C3}.Debug|Any CPU.ActiveCfg = Debug|Any CPU
		{5103A43B-3863-446A-85A1-DC172A37A7C3}.Debug|Any CPU.Build.0 = Debug|Any CPU
		{5103A43B-3863-446A-85A1-DC172A37A7C3}.Release|Any CPU.ActiveCfg = Release|Any CPU
		{5103A43B-3863-446A-85A1-DC172A37A7C3}.Release|Any CPU.Build.0 = Release|Any CPU
		{9A0D0AE5-826C-4545-93EA-DA6FA146F3BD}.Debug|Any CPU.ActiveCfg = Debug|Any CPU
		{9A0D0AE5-826C-4545-93EA-DA6FA146F3BD}.Debug|Any CPU.Build.0 = Debug|Any CPU
		{9A0D0AE5-826C-4545-93EA-DA6FA146F3BD}.Release|Any CPU.ActiveCfg = Release|Any CPU
		{9A0D0AE5-826C-4545-93EA-DA6FA146F3BD}.Release|Any CPU.Build.0 = Release|Any CPU
		{ED0C0236-7FF3-4AF8-9C14-9D1E287CDE25}.Debug|Any CPU.ActiveCfg = Debug|Any CPU
		{ED0C0236-7FF3-4AF8-9C14-9D1E287CDE25}.Debug|Any CPU.Build.0 = Debug|Any CPU
		{ED0C0236-7FF3-4AF8-9C14-9D1E287CDE25}.Release|Any CPU.ActiveCfg = Release|Any CPU
		{ED0C0236-7FF3-4AF8-9C14-9D1E287CDE25}.Release|Any CPU.Build.0 = Release|Any CPU
		{29AB26B7-CB39-4BC2-BE02-853FE58765B6}.Debug|Any CPU.ActiveCfg = Debug|Any CPU
		{29AB26B7-CB39-4BC2-BE02-853FE58765B6}.Debug|Any CPU.Build.0 = Debug|Any CPU
		{29AB26B7-CB39-4BC2-BE02-853FE58765B6}.Release|Any CPU.ActiveCfg = Release|Any CPU
		{29AB26B7-CB39-4BC2-BE02-853FE58765B6}.Release|Any CPU.Build.0 = Release|Any CPU
		{A82B4F05-F8C5-4784-92CF-76C5FD79D6BE}.Debug|Any CPU.ActiveCfg = Debug|Any CPU
		{A82B4F05-F8C5-4784-92CF-76C5FD79D6BE}.Debug|Any CPU.Build.0 = Debug|Any CPU
		{A82B4F05-F8C5-4784-92CF-76C5FD79D6BE}.Release|Any CPU.ActiveCfg = Release|Any CPU
		{A82B4F05-F8C5-4784-92CF-76C5FD79D6BE}.Release|Any CPU.Build.0 = Release|Any CPU
		{4B65E470-88B5-423C-8C4A-D239523ACAD7}.Debug|Any CPU.ActiveCfg = Debug|Any CPU
		{4B65E470-88B5-423C-8C4A-D239523ACAD7}.Debug|Any CPU.Build.0 = Debug|Any CPU
		{4B65E470-88B5-423C-8C4A-D239523ACAD7}.Release|Any CPU.ActiveCfg = Release|Any CPU
		{4B65E470-88B5-423C-8C4A-D239523ACAD7}.Release|Any CPU.Build.0 = Release|Any CPU
		{44D1CA05-0E24-44E1-B036-61D74C43D363}.Debug|Any CPU.ActiveCfg = Debug|Any CPU
		{44D1CA05-0E24-44E1-B036-61D74C43D363}.Debug|Any CPU.Build.0 = Debug|Any CPU
		{44D1CA05-0E24-44E1-B036-61D74C43D363}.Release|Any CPU.ActiveCfg = Release|Any CPU
		{44D1CA05-0E24-44E1-B036-61D74C43D363}.Release|Any CPU.Build.0 = Release|Any CPU
		{72449730-2A3D-4BA2-B152-538DA778CBBF}.Debug|Any CPU.ActiveCfg = Debug
		{72449730-2A3D-4BA2-B152-538DA778CBBF}.Debug|Any CPU.Build.0 = Debug
		{72449730-2A3D-4BA2-B152-538DA778CBBF}.Release|Any CPU.ActiveCfg = Release
		{72449730-2A3D-4BA2-B152-538DA778CBBF}.Release|Any CPU.Build.0 = Release
		{E8347425-9B1A-448C-BFFD-ADF38A331957}.Debug|Any CPU.ActiveCfg = Debug|Any CPU
		{E8347425-9B1A-448C-BFFD-ADF38A331957}.Debug|Any CPU.Build.0 = Debug|Any CPU
		{E8347425-9B1A-448C-BFFD-ADF38A331957}.Release|Any CPU.ActiveCfg = Release|Any CPU
		{E8347425-9B1A-448C-BFFD-ADF38A331957}.Release|Any CPU.Build.0 = Release|Any CPU
		{CC099865-3172-4DA2-92DE-C2CB4FFF0FC9}.Debug|Any CPU.ActiveCfg = Debug|Any CPU
		{CC099865-3172-4DA2-92DE-C2CB4FFF0FC9}.Debug|Any CPU.Build.0 = Debug|Any CPU
		{CC099865-3172-4DA2-92DE-C2CB4FFF0FC9}.Release|Any CPU.ActiveCfg = Release|Any CPU
		{CC099865-3172-4DA2-92DE-C2CB4FFF0FC9}.Release|Any CPU.Build.0 = Release|Any CPU
	EndGlobalSection
	GlobalSection(SolutionProperties) = preSolution
		HideSolutionNode = FALSE
	EndGlobalSection
	GlobalSection(NestedProjects) = preSolution
		{ED0C0236-7FF3-4AF8-9C14-9D1E287CDE25} = {98403100-0C73-4A32-B0B1-477D2916B171}
		{29AB26B7-CB39-4BC2-BE02-853FE58765B6} = {98403100-0C73-4A32-B0B1-477D2916B171}
		{A82B4F05-F8C5-4784-92CF-76C5FD79D6BE} = {98403100-0C73-4A32-B0B1-477D2916B171}
	EndGlobalSection
	GlobalSection(ExtensibilityGlobals) = postSolution
		SolutionGuid = {CF1782A7-D6F1-49DE-9AE0-CAA1186B0E37}
	EndGlobalSection
EndGlobal
